
Microsoft Visual Studio Solution File, Format Version 12.00
# Visual Studio 2012
Project("{FAE04EC0-301F-11D3-BF4B-00C04F79EFBC}") = "PCTrack", "PCTrack\PCTrack.csproj", "{ACB4B9E4-59B6-460E-9600-552B2BC84185}"
EndProject
Project("{FAE04EC0-301F-11D3-BF4B-00C04F79EFBC}") = "ActivityMonitor", "ActivityMonitor\ActivityMonitor.csproj", "{4518B8A8-0560-417B-AF35-6E1B564054E1}"
EndProject
Global
	GlobalSection(SolutionConfigurationPlatforms) = preSolution
		Debug|Any CPU = Debug|Any CPU
		Release|Any CPU = Release|Any CPU
	EndGlobalSection
	GlobalSection(ProjectConfigurationPlatforms) = postSolution
		{ACB4B9E4-59B6-460E-9600-552B2BC84185}.Debug|Any CPU.ActiveCfg = Debug|Any CPU
		{ACB4B9E4-59B6-460E-9600-552B2BC84185}.Debug|Any CPU.Build.0 = Debug|Any CPU
		{ACB4B9E4-59B6-460E-9600-552B2BC84185}.Release|Any CPU.ActiveCfg = Release|Any CPU
		{ACB4B9E4-59B6-460E-9600-552B2BC84185}.Release|Any CPU.Build.0 = Release|Any CPU
		{4518B8A8-0560-417B-AF35-6E1B564054E1}.Debug|Any CPU.ActiveCfg = Debug|Any CPU
		{4518B8A8-0560-417B-AF35-6E1B564054E1}.Debug|Any CPU.Build.0 = Debug|Any CPU
		{4518B8A8-0560-417B-AF35-6E1B564054E1}.Release|Any CPU.ActiveCfg = Release|Any CPU
		{4518B8A8-0560-417B-AF35-6E1B564054E1}.Release|Any CPU.Build.0 = Release|Any CPU
	EndGlobalSection
	GlobalSection(SolutionProperties) = preSolution
		HideSolutionNode = FALSE
	EndGlobalSection
EndGlobal
